
Microsoft Visual Studio Solution File, Format Version 12.00
# Visual Studio Version 17
VisualStudioVersion = 17.13.35825.156 d17.13
MinimumVisualStudioVersion = 10.0.40219.1
Project("{FAE04EC0-301F-11D3-BF4B-00C04F79EFBC}") = "LAB6.2", "LAB6.2\LAB6.2.csproj", "{8B480D6F-36C7-4833-996F-22E9BF121C75}"
EndProject
Project("{FAE04EC0-301F-11D3-BF4B-00C04F79EFBC}") = "MyLib", "MyLib\MyLib.csproj", "{83A39B34-A1D2-400B-904F-79A7B5112364}"
EndProject
Global
	GlobalSection(SolutionConfigurationPlatforms) = preSolution
		Debug|Any CPU = Debug|Any CPU
		Release|Any CPU = Release|Any CPU
	EndGlobalSection
	GlobalSection(ProjectConfigurationPlatforms) = postSolution
		{8B480D6F-36C7-4833-996F-22E9BF121C75}.Debug|Any CPU.ActiveCfg = Debug|Any CPU
		{8B480D6F-36C7-4833-996F-22E9BF121C75}.Debug|Any CPU.Build.0 = Debug|Any CPU
		{8B480D6F-36C7-4833-996F-22E9BF121C75}.Release|Any CPU.ActiveCfg = Release|Any CPU
		{8B480D6F-36C7-4833-996F-22E9BF121C75}.Release|Any CPU.Build.0 = Release|Any CPU
		{83A39B34-A1D2-400B-904F-79A7B5112364}.Debug|Any CPU.ActiveCfg = Debug|Any CPU
		{83A39B34-A1D2-400B-904F-79A7B5112364}.Debug|Any CPU.Build.0 = Debug|Any CPU
		{83A39B34-A1D2-400B-904F-79A7B5112364}.Release|Any CPU.ActiveCfg = Release|Any CPU
		{83A39B34-A1D2-400B-904F-79A7B5112364}.Release|Any CPU.Build.0 = Release|Any CPU
	EndGlobalSection
	GlobalSection(SolutionProperties) = preSolution
		HideSolutionNode = FALSE
	EndGlobalSection
	GlobalSection(ExtensibilityGlobals) = postSolution
		SolutionGuid = {2C40A582-DC95-4077-8AE4-F276DE21ECD9}
	EndGlobalSection
EndGlobal
